
Microsoft Visual Studio Solution File, Format Version 12.00
# Visual Studio Version 16
VisualStudioVersion = 16.0.30114.128
MinimumVisualStudioVersion = 10.0.40219.1
Project("{FAE04EC0-301F-11D3-BF4B-00C04F79EFBC}") = "CarAlert.API", "CarAlert.API\CarAlert.API.csproj", "{BBB7B62B-1B88-42FE-9CE2-5B7A4D7CD646}"
EndProject
Project("{FAE04EC0-301F-11D3-BF4B-00C04F79EFBC}") = "CarAlert.Tests", "CarAlert.Tests\CarAlert.Tests.csproj", "{14363064-62A7-4445-8B9A-D26134755680}"
EndProject
Project("{FAE04EC0-301F-11D3-BF4B-00C04F79EFBC}") = "CarAlert", "CarAlert\CarAlert.csproj", "{30669F7B-614C-44EA-BB4A-0B98510420F1}"
EndProject
Global
	GlobalSection(SolutionConfigurationPlatforms) = preSolution
		Debug|Any CPU = Debug|Any CPU
		Release|Any CPU = Release|Any CPU
	EndGlobalSection
	GlobalSection(ProjectConfigurationPlatforms) = postSolution
		{BBB7B62B-1B88-42FE-9CE2-5B7A4D7CD646}.Debug|Any CPU.ActiveCfg = Debug|Any CPU
		{BBB7B62B-1B88-42FE-9CE2-5B7A4D7CD646}.Debug|Any CPU.Build.0 = Debug|Any CPU
		{BBB7B62B-1B88-42FE-9CE2-5B7A4D7CD646}.Release|Any CPU.ActiveCfg = Release|Any CPU
		{BBB7B62B-1B88-42FE-9CE2-5B7A4D7CD646}.Release|Any CPU.Build.0 = Release|Any CPU
		{14363064-62A7-4445-8B9A-D26134755680}.Debug|Any CPU.ActiveCfg = Debug|Any CPU
		{14363064-62A7-4445-8B9A-D26134755680}.Debug|Any CPU.Build.0 = Debug|Any CPU
		{14363064-62A7-4445-8B9A-D26134755680}.Release|Any CPU.ActiveCfg = Release|Any CPU
		{14363064-62A7-4445-8B9A-D26134755680}.Release|Any CPU.Build.0 = Release|Any CPU
		{30669F7B-614C-44EA-BB4A-0B98510420F1}.Debug|Any CPU.ActiveCfg = Debug|Any CPU
		{30669F7B-614C-44EA-BB4A-0B98510420F1}.Debug|Any CPU.Build.0 = Debug|Any CPU
		{30669F7B-614C-44EA-BB4A-0B98510420F1}.Debug|Any CPU.Deploy.0 = Debug|Any CPU
		{30669F7B-614C-44EA-BB4A-0B98510420F1}.Release|Any CPU.ActiveCfg = Release|Any CPU
		{30669F7B-614C-44EA-BB4A-0B98510420F1}.Release|Any CPU.Build.0 = Release|Any CPU
		{30669F7B-614C-44EA-BB4A-0B98510420F1}.Release|Any CPU.Deploy.0 = Release|Any CPU
	EndGlobalSection
	GlobalSection(SolutionProperties) = preSolution
		HideSolutionNode = FALSE
	EndGlobalSection
	GlobalSection(ExtensibilityGlobals) = postSolution
		SolutionGuid = {B4EFEF4E-8B76-494C-AD6F-613A337F7EA6}
	EndGlobalSection
EndGlobal
